# Generated by buf. DO NOT EDIT.
version: v2
deps:
  - name: buf.build/bufbuild/protovalidate
    commit: 80ab13bee0bf4272b6161a72bf7034e0
    digest: b5:1aa6a965be5d02d64e1d81954fa2e78ef9d1e33a0c30f92bc2626039006a94deb3a5b05f14ed8893f5c3ffce444ac008f7e968188ad225c4c29c813aa5f2daa1
  - name: buf.build/protocolbuffers/wellknowntypes
    commit: 9d16d599a978406980f6e2f081331a93
    digest: b5:dd06e497a5c52f5ddf6ec02b3c7d289cc6c0432093fc2f6bf7a4fb5fae786c3e4c893e55d2759ffb6833268daf3de0bce303a406fed15725790528f2c27dc219
